
Microsoft Visual Studio Solution File, Format Version 12.00
# Visual Studio 15
VisualStudioVersion = 15.0.27130.2003
MinimumVisualStudioVersion = 10.0.40219.1
Project("{FAE04EC0-301F-11D3-BF4B-00C04F79EFBC}") = "StaffManager.Service", "StaffManager.Service\StaffManager.Service.csproj", "{CDB32818-1592-4697-8C0D-4276F92AE945}"
EndProject
Global
	GlobalSection(SolutionConfigurationPlatforms) = preSolution
		Debug|Any CPU = Debug|Any CPU
		Release|Any CPU = Release|Any CPU
	EndGlobalSection
	GlobalSection(ProjectConfigurationPlatforms) = postSolution
		{CDB32818-1592-4697-8C0D-4276F92AE945}.Debug|Any CPU.ActiveCfg = Debug|Any CPU
		{CDB32818-1592-4697-8C0D-4276F92AE945}.Debug|Any CPU.Build.0 = Debug|Any CPU
		{CDB32818-1592-4697-8C0D-4276F92AE945}.Release|Any CPU.ActiveCfg = Release|Any CPU
		{CDB32818-1592-4697-8C0D-4276F92AE945}.Release|Any CPU.Build.0 = Release|Any CPU
	EndGlobalSection
	GlobalSection(SolutionProperties) = preSolution
		HideSolutionNode = FALSE
	EndGlobalSection
	GlobalSection(ExtensibilityGlobals) = postSolution
		SolutionGuid = {59632D4C-07D7-4391-A1B2-94B1A6234D6F}
	EndGlobalSection
EndGlobal
